Microsoft Visual Studio Solution File, Format Version 12.00
# Visual Studio Version 17
VisualStudioVersion = 17.5.2.0
MinimumVisualStudioVersion = 10.0.40219.1
Project("{FAE04EC0-301F-11D3-BF4B-00C04F79EFBC}") = "Saesae", "Saesae.csproj", "{5EB81777-B327-2222-9658-2BDEDFE28349}"
EndProject
Global
	GlobalSection(SolutionConfigurationPlatforms) = preSolution
		Debug|Any CPU = Debug|Any CPU
		Release|Any CPU = Release|Any CPU
	EndGlobalSection
	GlobalSection(ProjectConfigurationPlatforms) = postSolution
		{5EB81777-B327-2222-9658-2BDEDFE28349}.Debug|Any CPU.ActiveCfg = Debug|Any CPU
		{5EB81777-B327-2222-9658-2BDEDFE28349}.Debug|Any CPU.Build.0 = Debug|Any CPU
		{5EB81777-B327-2222-9658-2BDEDFE28349}.Release|Any CPU.ActiveCfg = Release|Any CPU
		{5EB81777-B327-2222-9658-2BDEDFE28349}.Release|Any CPU.Build.0 = Release|Any CPU
	EndGlobalSection
	GlobalSection(SolutionProperties) = preSolution
		HideSolutionNode = FALSE
	EndGlobalSection
	GlobalSection(ExtensibilityGlobals) = postSolution
		SolutionGuid = {D2480DF7-BC48-4CFD-ABD0-648D935C7C9F}
	EndGlobalSection
EndGlobal
